// !$*UTF8*$!
{
	archiveVersion = 1;
	classes = {
	};
	objectVersion = 50;
	objects = {

/* Begin PBXBuildFile section */
		A65C88CF21B3F01C0091BE6C /* AppDelegate.swift in Sources */ = {isa = PBXBuildFile; fileRef = A65C88CE21B3F01C0091BE6C /* AppDelegate.swift */; };
		A65C88D121B3F01C0091BE6C /* ViewController.swift in Sources */ = {isa = PBXBuildFile; fileRef = A65C88D021B3F01C0091BE6C /* ViewController.swift */; };
		A65C88D421B3F01C0091BE6C /* Main.storyboard in Resources */ = {isa = PBXBuildFile; fileRef = A65C88D221B3F01C0091BE6C /* Main.storyboard */; };
		A65C88D621B3F0230091BE6C /* Assets.xcassets in Resources */ = {isa = PBXBuildFile; fileRef = A65C88D521B3F0230091BE6C /* Assets.xcassets */; };
		A65C88D921B3F0230091BE6C /* LaunchScreen.storyboard in Resources */ = {isa = PBXBuildFile; fileRef = A65C88D721B3F0230091BE6C /* LaunchScreen.storyboard */; };
		A65C88E421B3F0240091BE6C /* MVVMRxTests.swift in Sources */ = {isa = PBXBuildFile; fileRef = A65C88E321B3F0240091BE6C /* MVVMRxTests.swift */; };
/* End PBXBuildFile section */

/* Begin PBXContainerItemProxy section */
		A65C88E021B3F0240091BE6C /* PBXContainerItemProxy */ = {
			isa = PBXContainerItemProxy;
			containerPortal = A65C88C321B3F01C0091BE6C /* Project object */;
			proxyType = 1;
			remoteGlobalIDString = A65C88CA21B3F01C0091BE6C;
			remoteInfo = MVVMRx;
		};
/* End PBXContainerItemProxy section */

/* Begin PBXFileReference section */
		A65C88CB21B3F01C0091BE6C /* MVVMRx.app */ = {isa = PBXFileReference; explicitFileType = wrapper.application; includeInIndex = 0; path = MVVMRx.app; sourceTree = BUILT_PRODUCTS_DIR; };
		A65C88CE21B3F01C0091BE6C /* AppDelegate.swift */ = {isa = PBXFileReference; lastKnownFileType = sourcecode.swift; path = AppDelegate.swift; sourceTree = "<group>"; };
		A65C88D021B3F01C0091BE6C /* ViewController.swift */ = {isa = PBXFileReference; lastKnownFileType = sourcecode.swift; path = ViewController.swift; sourceTree = "<group>"; };
		A65C88D321B3F01C0091BE6C /* Base */ = {isa = PBXFileReference; lastKnownFileType = file.storyboard; name = Base; path = Base.lproj/Main.storyboard; sourceTree = "<group>"; };
		A65C88D521B3F0230091BE6C /* Assets.xcassets */ = {isa = PBXFileReference; lastKnownFileType = folder.assetcatalog; path = Assets.xcassets; sourceTree = "<group>"; };
		A65C88D821B3F0230091BE6C /* Base */ = {isa = PBXFileReference; lastKnownFileType = file.storyboard; name = Base; path = Base.lproj/LaunchScreen.storyboard; sourceTree = "<group>"; };
		A65C88DA21B3F0230091BE6C /* Info.plist */ = {isa = PBXFileReference; lastKnownFileType = text.plist.xml; path = Info.plist; sourceTree = "<group>"; };
		A65C88DF21B3F0240091BE6C /* MVVMRxTests.xctest */ = {isa = PBXFileReference; explicitFileType = wrapper.cfbundle; includeInIndex = 0; path = MVVMRxTests.xctest; sourceTree = BUILT_PRODUCTS_DIR; };
		A65C88E321B3F0240091BE6C /* MVVMRxTests.swift */ = {isa = PBXFileReference; lastKnownFileType = sourcecode.swift; path = MVVMRxTests.swift; sourceTree = "<group>"; };
		A65C88E521B3F0240091BE6C /* Info.plist */ = {isa = PBXFileReference; lastKnownFileType = text.plist.xml; path = Info.plist; sourceTree = "<group>"; };
/* End PBXFileReference section */

/* Begin PBXFrameworksBuildPhase section */
		A65C88C821B3F01C0091BE6C /* Frameworks */ = {
			isa = PBXFrameworksBuildPhase;
			buildActionMask = 2147483647;
			files = (
			);
			runOnlyForDeploymentPostprocessing = 0;
		};
		A65C88DC21B3F0240091BE6C /* Frameworks */ = {
			isa = PBXFrameworksBuildPhase;
			buildActionMask = 2147483647;
			files = (
			);
			runOnlyForDeploymentPostprocessing = 0;
		};
/* End PBXFrameworksBuildPhase section */

/* Begin PBXGroup section */
		A65C88C221B3F01C0091BE6C = {
			isa = PBXGroup;
			children = (
				A65C88CD21B3F01C0091BE6C /* MVVMRx */,
				A65C88E221B3F0240091BE6C /* MVVMRxTests */,
				A65C88CC21B3F01C0091BE6C /* Products */,
			);
			sourceTree = "<group>";
		};
		A65C88CC21B3F01C0091BE6C /* Products */ = {
			isa = PBXGroup;
			children = (
				A65C88CB21B3F01C0091BE6C /* MVVMRx.app */,
				A65C88DF21B3F0240091BE6C /* MVVMRxTests.xctest */,
			);
			name = Products;
			sourceTree = "<group>";
		};
		A65C88CD21B3F01C0091BE6C /* MVVMRx */ = {
			isa = PBXGroup;
			children = (
				A65C88CE21B3F01C0091BE6C /* AppDelegate.swift */,
				A65C88D021B3F01C0091BE6C /* ViewController.swift */,
				A65C88D221B3F01C0091BE6C /* Main.storyboard */,
				A65C88D521B3F0230091BE6C /* Assets.xcassets */,
				A65C88D721B3F0230091BE6C /* LaunchScreen.storyboard */,
				A65C88DA21B3F0230091BE6C /* Info.plist */,
			);
			path = MVVMRx;
			sourceTree = "<group>";
		};
		A65C88E221B3F0240091BE6C /* MVVMRxTests */ = {
			isa = PBXGroup;
			children = (
				A65C88E321B3F0240091BE6C /* MVVMRxTests.swift */,
				A65C88E521B3F0240091BE6C /* Info.plist */,
			);
			path = MVVMRxTests;
			sourceTree = "<group>";
		};
/* End PBXGroup section */

/* Begin PBXNativeTarget section */
		A65C88CA21B3F01C0091BE6C /* MVVMRx */ = {
			isa = PBXNativeTarget;
			buildConfigurationList = A65C88E821B3F0240091BE6C /* Build configuration list for PBXNativeTarget "MVVMRx" */;
			buildPhases = (
				A65C88C721B3F01C0091BE6C /* Sources */,
				A65C88C821B3F01C0091BE6C /* Frameworks */,
				A65C88C921B3F01C0091BE6C /* Resources */,
			);
			buildRules = (
			);
			dependencies = (
			);
			name = MVVMRx;
			productName = MVVMRx;
			productReference = A65C88CB21B3F01C0091BE6C /* MVVMRx.app */;
			productType = "com.apple.product-type.application";
		};
		A65C88DE21B3F0240091BE6C /* MVVMRxTests */ = {
			isa = PBXNativeTarget;
			buildConfigurationList = A65C88EB21B3F0240091BE6C /* Build configuration list for PBXNativeTarget "MVVMRxTests" */;
			buildPhases = (
				A65C88DB21B3F0240091BE6C /* Sources */,
				A65C88DC21B3F0240091BE6C /* Frameworks */,
				A65C88DD21B3F0240091BE6C /* Resources */,
			);
			buildRules = (
			);
			dependencies = (
				A65C88E121B3F0240091BE6C /* PBXTargetDependency */,
			);
			name = MVVMRxTests;
			productName = MVVMRxTests;
			productReference = A65C88DF21B3F0240091BE6C /* MVVMRxTests.xctest */;
			productType = "com.apple.product-type.bundle.unit-test";
		};
/* End PBXNativeTarget section */

/* Begin PBXProject section */
		A65C88C321B3F01C0091BE6C /* Project object */ = {
			isa = PBXProject;
			attributes = {
				LastSwiftUpdateCheck = 1010;
				LastUpgradeCheck = 1010;
				ORGANIZATIONNAME = evya;
				TargetAttributes = {
					A65C88CA21B3F01C0091BE6C = {
						CreatedOnToolsVersion = 10.1;
					};
					A65C88DE21B3F0240091BE6C = {
						CreatedOnToolsVersion = 10.1;
						TestTargetID = A65C88CA21B3F01C0091BE6C;
					};
				};
			};
			buildConfigurationList = A65C88C621B3F01C0091BE6C /* Build configuration list for PBXProject "MVVMRx" */;
			compatibilityVersion = "Xcode 9.3";
			developmentRegion = en;
			hasScannedForEncodings = 0;
			knownRegions = (
				en,
				Base,
			);
			mainGroup = A65C88C221B3F01C0091BE6C;
			productRefGroup = A65C88CC21B3F01C0091BE6C /* Products */;
			projectDirPath = "";
			projectRoot = "";
			targets = (
				A65C88CA21B3F01C0091BE6C /* MVVMRx */,
				A65C88DE21B3F0240091BE6C /* MVVMRxTests */,
			);
		};
/* End PBXProject section */

/* Begin PBXResourcesBuildPhase section */
		A65C88C921B3F01C0091BE6C /* Resources */ = {
			isa = PBXResourcesBuildPhase;
			buildActionMask = 2147483647;
			files = (
				A65C88D921B3F0230091BE6C /* LaunchScreen.storyboard in Resources */,
				A65C88D621B3F0230091BE6C /* Assets.xcassets in Resources */,
				A65C88D421B3F01C0091BE6C /* Main.storyboard in Resources */,
			);
			runOnlyForDeploymentPostprocessing = 0;
		};
		A65C88DD21B3F0240091BE6C /* Resources */ = {
			isa = PBXResourcesBuildPhase;
			buildActionMask = 2147483647;
			files = (
			);
			runOnlyForDeploymentPostprocessing = 0;
		};
/* End PBXResourcesBuildPhase section */

/* Begin PBXSourcesBuildPhase section */
		A65C88C721B3F01C0091BE6C /* Sources */ = {
			isa = PBXSourcesBuildPhase;
			buildActionMask = 2147483647;
			files = (
				A65C88D121B3F01C0091BE6C /* ViewController.swift in Sources */,
				A65C88CF21B3F01C0091BE6C /* AppDelegate.swift in Sources */,
			);
			runOnlyForDeploymentPostprocessing = 0;
		};
		A65C88DB21B3F0240091BE6C /* Sources */ = {
			isa = PBXSourcesBuildPhase;
			buildActionMask = 2147483647;
			files = (
				A65C88E421B3F0240091BE6C /* MVVMRxTests.swift in Sources */,
			);
			runOnlyForDeploymentPostprocessing = 0;
		};
/* End PBXSourcesBuildPhase section */

/* Begin PBXTargetDependency section */
		A65C88E121B3F0240091BE6C /* PBXTargetDependency */ = {
			isa = PBXTargetDependency;
			target = A65C88CA21B3F01C0091BE6C /* MVVMRx */;
			targetProxy = A65C88E021B3F0240091BE6C /* PBXContainerItemProxy */;
		};
/* End PBXTargetDependency section */

/* Begin PBXVariantGroup section */
		A65C88D221B3F01C0091BE6C /* Main.storyboard */ = {
			isa = PBXVariantGroup;
			children = (
				A65C88D321B3F01C0091BE6C /* Base */,
			);
			name = Main.storyboard;
			sourceTree = "<group>";
		};
		A65C88D721B3F0230091BE6C /* LaunchScreen.storyboard */ = {
			isa = PBXVariantGroup;
			children = (
				A65C88D821B3F0230091BE6C /* Base */,
			);
			name = LaunchScreen.storyboard;
			sourceTree = "<group>";
		};
/* End PBXVariantGroup section */

/* Begin XCBuildConfiguration section */
		A65C88E621B3F0240091BE6C /* Debug */ = {
			isa = XCBuildConfiguration;
			buildSettings = {
				ALWAYS_SEARCH_USER_PATHS = NO;
				CLANG_ANALYZER_NONNULL = YES;
				CLANG_ANALYZER_NUMBER_OBJECT_CONVERSION = YES_AGGRESSIVE;
				CLANG_CXX_LANGUAGE_STANDARD = "gnu++14";
				CLANG_CXX_LIBRARY = "libc++";
				CLANG_ENABLE_MODULES = YES;
				CLANG_ENABLE_OBJC_ARC = YES;
				CLANG_ENABLE_OBJC_WEAK = YES;
				CLANG_WARN_BLOCK_CAPTURE_AUTORELEASING = YES;
				CLANG_WARN_BOOL_CONVERSION = YES;
				CLANG_WARN_COMMA = YES;
				CLANG_WARN_CONSTANT_CONVERSION = YES;
				CLANG_WARN_DEPRECATED_OBJC_IMPLEMENTATIONS = YES;
				CLANG_WARN_DIRECT_OBJC_ISA_USAGE = YES_ERROR;
				CLANG_WARN_DOCUMENTATION_COMMENTS = YES;
				CLANG_WARN_EMPTY_BODY = YES;
				CLANG_WARN_ENUM_CONVERSION = YES;
				CLANG_WARN_INFINITE_RECURSION = YES;
				CLANG_WARN_INT_CONVERSION = YES;
				CLANG_WARN_NON_LITERAL_NULL_CONVERSION = YES;
				CLANG_WARN_OBJC_IMPLICIT_RETAIN_SELF = YES;
				CLANG_WARN_OBJC_LITERAL_CONVERSION = YES;
				CLANG_WARN_OBJC_ROOT_CLASS = YES_ERROR;
				CLANG_WARN_RANGE_LOOP_ANALYSIS = YES;
				CLANG_WARN_STRICT_PROTOTYPES = YES;
				CLANG_WARN_SUSPICIOUS_MOVE = YES;
				CLANG_WARN_UNGUARDED_AVAILABILITY = YES_AGGRESSIVE;
				CLANG_WARN_UNREACHABLE_CODE = YES;
				CLANG_WARN__DUPLICATE_METHOD_MATCH = YES;
				CODE_SIGN_IDENTITY = "iPhone Developer";
				COPY_PHASE_STRIP = NO;
				DEBUG_INFORMATION_FORMAT = dwarf;
				ENABLE_STRICT_OBJC_MSGSEND = YES;
				ENABLE_TESTABILITY = YES;
				GCC_C_LANGUAGE_STANDARD = gnu11;
				GCC_DYNAMIC_NO_PIC = NO;
				GCC_NO_COMMON_BLOCKS = YES;
				GCC_OPTIMIZATION_LEVEL = 0;
				GCC_PREPROCESSOR_DEFINITIONS = (
					"DEBUG=1",
					"$(inherited)",
				);
				GCC_WARN_64_TO_32_BIT_CONVERSION = YES;
				GCC_WARN_ABOUT_RETURN_TYPE = YES_ERROR;
				GCC_WARN_UNDECLARED_SELECTOR = YES;
				GCC_WARN_UNINITIALIZED_AUTOS = YES_AGGRESSIVE;
				GCC_WARN_UNUSED_FUNCTION = YES;
				GCC_WARN_UNUSED_VARIABLE = YES;
				IPHONEOS_DEPLOYMENT_TARGET = 12.1;
				MTL_ENABLE_DEBUG_INFO = INCLUDE_SOURCE;
				MTL_FAST_MATH = YES;
				ONLY_ACTIVE_ARCH = YES;
				SDKROOT = iphoneos;
				SWIFT_ACTIVE_COMPILATION_CONDITIONS = DEBUG;
				SWIFT_OPTIMIZATION_LEVEL = "-Onone";
			};
			name = Debug;
		};
		A65C88E721B3F0240091BE6C /* Release */ = {
			isa = XCBuildConfiguration;
			buildSettings = {
				ALWAYS_SEARCH_USER_PATHS = NO;
				CLANG_ANALYZER_NONNULL = YES;
				CLANG_ANALYZER_NUMBER_OBJECT_CONVERSION = YES_AGGRESSIVE;
				CLANG_CXX_LANGUAGE_STANDARD = "gnu++14";
				CLANG_CXX_LIBRARY = "libc++";
				CLANG_ENABLE_MODULES = YES;
				CLANG_ENABLE_OBJC_ARC = YES;
				CLANG_ENABLE_OBJC_WEAK = YES;
				CLANG_WARN_BLOCK_CAPTURE_AUTORELEASING = YES;
				CLANG_WARN_BOOL_CONVERSION = YES;
				CLANG_WARN_COMMA = YES;
				CLANG_WARN_CONSTANT_CONVERSION = YES;
				CLANG_WARN_DEPRECATED_OBJC_IMPLEMENTATIONS = YES;
				CLANG_WARN_DIRECT_OBJC_ISA_USAGE = YES_ERROR;
				CLANG_WARN_DOCUMENTATION_COMMENTS = YES;
				CLANG_WARN_EMPTY_BODY = YES;
				CLANG_WARN_ENUM_CONVERSION = YES;
				CLANG_WARN_INFINITE_RECURSION = YES;
				CLANG_WARN_INT_CONVERSION = YES;
				CLANG_WARN_NON_LITERAL_NULL_CONVERSION = YES;
				CLANG_WARN_OBJC_IMPLICIT_RETAIN_SELF = YES;
				CLANG_WARN_OBJC_LITERAL_CONVERSION = YES;
				CLANG_WARN_OBJC_ROOT_CLASS = YES_ERROR;
				CLANG_WARN_RANGE_LOOP_ANALYSIS = YES;
				CLANG_WARN_STRICT_PROTOTYPES = YES;
				CLANG_WARN_SUSPICIOUS_MOVE = YES;
				CLANG_WARN_UNGUARDED_AVAILABILITY = YES_AGGRESSIVE;
				CLANG_WARN_UNREACHABLE_CODE = YES;
				CLANG_WARN__DUPLICATE_METHOD_MATCH = YES;
				CODE_SIGN_IDENTITY = "iPhone Developer";
				COPY_PHASE_STRIP = NO;
				DEBUG_INFORMATION_FORMAT = "dwarf-with-dsym";
				ENABLE_NS_ASSERTIONS = NO;
				ENABLE_STRICT_OBJC_MSGSEND = YES;
				GCC_C_LANGUAGE_STANDARD = gnu11;
				GCC_NO_COMMON_BLOCKS = YES;
				GCC_WARN_64_TO_32_BIT_CONVERSION = YES;
				GCC_WARN_ABOUT_RETURN_TYPE = YES_ERROR;
				GCC_WARN_UNDECLARED_SELECTOR = YES;
				GCC_WARN_UNINITIALIZED_AUTOS = YES_AGGRESSIVE;
				GCC_WARN_UNUSED_FUNCTION = YES;
				GCC_WARN_UNUSED_VARIABLE = YES;
				IPHONEOS_DEPLOYMENT_TARGET = 12.1;
				MTL_ENABLE_DEBUG_INFO = NO;
				MTL_FAST_MATH = YES;
				SDKROOT = iphoneos;
				SWIFT_COMPILATION_MODE = wholemodule;
				SWIFT_OPTIMIZATION_LEVEL = "-O";
				VALIDATE_PRODUCT = YES;
			};
			name = Release;
		};
		A65C88E921B3F0240091BE6C /* Debug */ = {
			isa = XCBuildConfiguration;
			buildSettings = {
				ASSETCATALOG_COMPILER_APPICON_NAME = AppIcon;
				CODE_SIGN_STYLE = Automatic;
				DEVELOPMENT_TEAM = 356AKL6Q8P;
				INFOPLIST_FILE = MVVMRx/Info.plist;
				LD_RUNPATH_SEARCH_PATHS = (
					"$(inherited)",
					"@executable_path/Frameworks",
				);
				PRODUCT_BUNDLE_IDENTIFIER = evya.MVVMRx;
				PRODUCT_NAME = "$(TARGET_NAME)";
				SWIFT_VERSION = 4.2;
				TARGETED_DEVICE_FAMILY = "1,2";
			};
			name = Debug;
		};
		A65C88EA21B3F0240091BE6C /* Release */ = {
			isa = XCBuildConfiguration;
			buildSettings = {
				ASSETCATALOG_COMPILER_APPICON_NAME = AppIcon;
				CODE_SIGN_STYLE = Automatic;
				DEVELOPMENT_TEAM = 356AKL6Q8P;
				INFOPLIST_FILE = MVVMRx/Info.plist;
				LD_RUNPATH_SEARCH_PATHS = (
					"$(inherited)",
					"@executable_path/Frameworks",
				);
				PRODUCT_BUNDLE_IDENTIFIER = evya.MVVMRx;
				PRODUCT_NAME = "$(TARGET_NAME)";
				SWIFT_VERSION = 4.2;
				TARGETED_DEVICE_FAMILY = "1,2";
			};
			name = Release;
		};
		A65C88EC21B3F0240091BE6C /* Debug */ = {
			isa = XCBuildConfiguration;
			buildSettings = {
				ALWAYS_EMBED_SWIFT_STANDARD_LIBRARIES = YES;
				BUNDLE_LOADER = "$(TEST_HOST)";
				CODE_SIGN_STYLE = Automatic;
				DEVELOPMENT_TEAM = 356AKL6Q8P;
				INFOPLIST_FILE = MVVMRxTests/Info.plist;
				LD_RUNPATH_SEARCH_PATHS = (
					"$(inherited)",
					"@executable_path/Frameworks",
					"@loader_path/Frameworks",
				);
				PRODUCT_BUNDLE_IDENTIFIER = evya.MVVMRxTests;
				PRODUCT_NAME = "$(TARGET_NAME)";
				SWIFT_VERSION = 4.2;
				TARGETED_DEVICE_FAMILY = "1,2";
				TEST_HOST = "$(BUILT_PRODUCTS_DIR)/MVVMRx.app/MVVMRx";
			};
			name = Debug;
		};
		A65C88ED21B3F0240091BE6C /* Release */ = {
			isa = XCBuildConfiguration;
			buildSettings = {
				ALWAYS_EMBED_SWIFT_STANDARD_LIBRARIES = YES;
				BUNDLE_LOADER = "$(TEST_HOST)";
				CODE_SIGN_STYLE = Automatic;
				DEVELOPMENT_TEAM = 356AKL6Q8P;
				INFOPLIST_FILE = MVVMRxTests/Info.plist;
				LD_RUNPATH_SEARCH_PATHS = (
					"$(inherited)",
					"@executable_path/Frameworks",
					"@loader_path/Frameworks",
				);
				PRODUCT_BUNDLE_IDENTIFIER = evya.MVVMRxTests;
				PRODUCT_NAME = "$(TARGET_NAME)";
				SWIFT_VERSION = 4.2;
				TARGETED_DEVICE_FAMILY = "1,2";
				TEST_HOST = "$(BUILT_PRODUCTS_DIR)/MVVMRx.app/MVVMRx";
			};
			name = Release;
		};
/* End XCBuildConfiguration section */

/* Begin XCConfigurationList section */
		A65C88C621B3F01C0091BE6C /* Build configuration list for PBXProject "MVVMRx" */ = {
			isa = XCConfigurationList;
			buildConfigurations = (
				A65C88E621B3F0240091BE6C /* Debug */,
				A65C88E721B3F0240091BE6C /* Release */,
			);
			defaultConfigurationIsVisible = 0;
			defaultConfigurationName = Release;
		};
		A65C88E821B3F0240091BE6C /* Build configuration list for PBXNativeTarget "MVVMRx" */ = {
			isa = XCConfigurationList;
			buildConfigurations = (
				A65C88E921B3F0240091BE6C /* Debug */,
				A65C88EA21B3F0240091BE6C /* Release */,
			);
			defaultConfigurationIsVisible = 0;
			defaultConfigurationName = Release;
		};
		A65C88EB21B3F0240091BE6C /* Build configuration list for PBXNativeTarget "MVVMRxTests" */ = {
			isa = XCConfigurationList;
			buildConfigurations = (
				A65C88EC21B3F0240091BE6C /* Debug */,
				A65C88ED21B3F0240091BE6C /* Release */,
			);
			defaultConfigurationIsVisible = 0;
			defaultConfigurationName = Release;
		};
/* End XCConfigurationList section */
	};
	rootObject = A65C88C321B3F01C0091BE6C /* Project object */;
}
