// !$*UTF8*$!
{
	archiveVersion = 1;
	classes = {
	};
	objectVersion = 50;
	objects = {

/* Begin PBXBuildFile section */
		A627971321B406E2003D8924 /* CountriesVC.swift in Sources */ = {isa = PBXBuildFile; fileRef = A627971221B406E2003D8924 /* CountriesVC.swift */; };
		A633835221BEC086007C8428 /* CountryDetailViewModel.swift in Sources */ = {isa = PBXBuildFile; fileRef = A633835121BEC086007C8428 /* CountryDetailViewModel.swift */; };
		A633835421BEC9B3007C8428 /* Optional+extension.swift in Sources */ = {isa = PBXBuildFile; fileRef = A633835321BEC9B3007C8428 /* Optional+extension.swift */; };
		A6589BC822085B6100BC93D9 /* Main.storyboard in Resources */ = {isa = PBXBuildFile; fileRef = A6589BC722085B6100BC93D9 /* Main.storyboard */; };
		A65C88CF21B3F01C0091BE6C /* AppDelegate.swift in Sources */ = {isa = PBXBuildFile; fileRef = A65C88CE21B3F01C0091BE6C /* AppDelegate.swift */; };
		A65C88D621B3F0230091BE6C /* Assets.xcassets in Resources */ = {isa = PBXBuildFile; fileRef = A65C88D521B3F0230091BE6C /* Assets.xcassets */; };
		A65C88D921B3F0230091BE6C /* LaunchScreen.storyboard in Resources */ = {isa = PBXBuildFile; fileRef = A65C88D721B3F0230091BE6C /* LaunchScreen.storyboard */; };
		A65C88E421B3F0240091BE6C /* MVVMRxTests.swift in Sources */ = {isa = PBXBuildFile; fileRef = A65C88E321B3F0240091BE6C /* MVVMRxTests.swift */; };
		A68667D121B4119A0099ECD3 /* NetworkClient.swift in Sources */ = {isa = PBXBuildFile; fileRef = A68667CF21B411990099ECD3 /* NetworkClient.swift */; };
		A68667D221B4119A0099ECD3 /* TargetType.swift in Sources */ = {isa = PBXBuildFile; fileRef = A68667D021B4119A0099ECD3 /* TargetType.swift */; };
		A68667D621B411C80099ECD3 /* CountryModel.swift in Sources */ = {isa = PBXBuildFile; fileRef = A68667D521B411C80099ECD3 /* CountryModel.swift */; };
		A68667DB21B413650099ECD3 /* CountriesUseCase.swift in Sources */ = {isa = PBXBuildFile; fileRef = A68667DA21B413650099ECD3 /* CountriesUseCase.swift */; };
		A68667DF21B527A50099ECD3 /* CountriesViewModel.swift in Sources */ = {isa = PBXBuildFile; fileRef = A68667DE21B527A50099ECD3 /* CountriesViewModel.swift */; };
		A68667E121B52B400099ECD3 /* CountryViewModel.swift in Sources */ = {isa = PBXBuildFile; fileRef = A68667E021B52B400099ECD3 /* CountryViewModel.swift */; };
		A68667E821B5AD1C0099ECD3 /* EasyViews.swift in Sources */ = {isa = PBXBuildFile; fileRef = A68667E721B5AD1C0099ECD3 /* EasyViews.swift */; };
		A68667EA21B5B4060099ECD3 /* UIImageView+Reactive.swift in Sources */ = {isa = PBXBuildFile; fileRef = A68667E921B5B4060099ECD3 /* UIImageView+Reactive.swift */; };
		A68667EC21B5C65B0099ECD3 /* UITableView+Reusable.swift in Sources */ = {isa = PBXBuildFile; fileRef = A68667EB21B5C65B0099ECD3 /* UITableView+Reusable.swift */; };
		A6BA191221E5EC4100759738 /* UICollectionView+extension.swift in Sources */ = {isa = PBXBuildFile; fileRef = A6BA191121E5EC4100759738 /* UICollectionView+extension.swift */; };
		A6BA191821EA3BAC00759738 /* HeroHelper.swift in Sources */ = {isa = PBXBuildFile; fileRef = A6BA191721EA3BAC00759738 /* HeroHelper.swift */; };
		A6D7BCF821C1646D0086B69D /* R.generated.swift in Sources */ = {isa = PBXBuildFile; fileRef = A6D7BCF721C1646C0086B69D /* R.generated.swift */; };
		A6EBED7B21B6717200F42D58 /* Constants.swift in Sources */ = {isa = PBXBuildFile; fileRef = A6EBED7A21B6717200F42D58 /* Constants.swift */; };
		A6EBED8821B69F1B00F42D58 /* Localizable.strings in Resources */ = {isa = PBXBuildFile; fileRef = A6EBED8621B69F1B00F42D58 /* Localizable.strings */; };
		A6EBED8B21B6A09700F42D58 /* CountryCell.swift in Sources */ = {isa = PBXBuildFile; fileRef = A6EBED8921B6A09600F42D58 /* CountryCell.swift */; };
		A6EBED8C21B6A09700F42D58 /* CountryCell.xib in Resources */ = {isa = PBXBuildFile; fileRef = A6EBED8A21B6A09600F42D58 /* CountryCell.xib */; };
		A6EBED9D21B6F14100F42D58 /* BaseCoordinator.swift in Sources */ = {isa = PBXBuildFile; fileRef = A6EBED9C21B6F14100F42D58 /* BaseCoordinator.swift */; };
		A6EBED9F21B6F25400F42D58 /* AppCoordinator.swift in Sources */ = {isa = PBXBuildFile; fileRef = A6EBED9E21B6F25400F42D58 /* AppCoordinator.swift */; };
		A6EBEDA121B6F37200F42D58 /* CountriesCoordinator.swift in Sources */ = {isa = PBXBuildFile; fileRef = A6EBEDA021B6F37200F42D58 /* CountriesCoordinator.swift */; };
		A6EBEDA321B6F6FD00F42D58 /* Observable+extension.swift in Sources */ = {isa = PBXBuildFile; fileRef = A6EBEDA221B6F6FD00F42D58 /* Observable+extension.swift */; };
		A6EBEDAC21B8477300F42D58 /* CountryDetailsVC.swift in Sources */ = {isa = PBXBuildFile; fileRef = A6EBEDAA21B8477300F42D58 /* CountryDetailsVC.swift */; };
		A6EBEDAF21B8480A00F42D58 /* CountryDetailsViewModel.swift in Sources */ = {isa = PBXBuildFile; fileRef = A6EBEDAE21B8480A00F42D58 /* CountryDetailsViewModel.swift */; };
		A6EBEDB221BEBC3500F42D58 /* CountryDetailCell.swift in Sources */ = {isa = PBXBuildFile; fileRef = A6EBEDB021BEBC3500F42D58 /* CountryDetailCell.swift */; };
		A6EBEDB321BEBC3500F42D58 /* CountryDetailCell.xib in Resources */ = {isa = PBXBuildFile; fileRef = A6EBEDB121BEBC3500F42D58 /* CountryDetailCell.xib */; };
		D2E4E970271AE84089B20CE2 /* Pods_MVVMRx.framework in Frameworks */ = {isa = PBXBuildFile; fileRef = 77F91060E386191BAC47F253 /* Pods_MVVMRx.framework */; };
/* End PBXBuildFile section */

/* Begin PBXContainerItemProxy section */
		A65C88E021B3F0240091BE6C /* PBXContainerItemProxy */ = {
			isa = PBXContainerItemProxy;
			containerPortal = A65C88C321B3F01C0091BE6C /* Project object */;
			proxyType = 1;
			remoteGlobalIDString = A65C88CA21B3F01C0091BE6C;
			remoteInfo = MVVMRx;
		};
/* End PBXContainerItemProxy section */

/* Begin PBXFileReference section */
		72FB92B04715C4C50D27705B /* Pods-MVVMRx.debug.xcconfig */ = {isa = PBXFileReference; includeInIndex = 1; lastKnownFileType = text.xcconfig; name = "Pods-MVVMRx.debug.xcconfig"; path = "Pods/Target Support Files/Pods-MVVMRx/Pods-MVVMRx.debug.xcconfig"; sourceTree = "<group>"; };
		77F91060E386191BAC47F253 /* Pods_MVVMRx.framework */ = {isa = PBXFileReference; explicitFileType = wrapper.framework; includeInIndex = 0; path = Pods_MVVMRx.framework; sourceTree = BUILT_PRODUCTS_DIR; };
		A627971221B406E2003D8924 /* CountriesVC.swift */ = {isa = PBXFileReference; lastKnownFileType = sourcecode.swift; path = CountriesVC.swift; sourceTree = "<group>"; };
		A633835121BEC086007C8428 /* CountryDetailViewModel.swift */ = {isa = PBXFileReference; lastKnownFileType = sourcecode.swift; path = CountryDetailViewModel.swift; sourceTree = "<group>"; };
		A633835321BEC9B3007C8428 /* Optional+extension.swift */ = {isa = PBXFileReference; lastKnownFileType = sourcecode.swift; path = "Optional+extension.swift"; sourceTree = "<group>"; };
		A6589BC722085B6100BC93D9 /* Main.storyboard */ = {isa = PBXFileReference; fileEncoding = 4; lastKnownFileType = file.storyboard; path = Main.storyboard; sourceTree = "<group>"; };
		A65C88CB21B3F01C0091BE6C /* MVVMRx.app */ = {isa = PBXFileReference; explicitFileType = wrapper.application; includeInIndex = 0; path = MVVMRx.app; sourceTree = BUILT_PRODUCTS_DIR; };
		A65C88CE21B3F01C0091BE6C /* AppDelegate.swift */ = {isa = PBXFileReference; lastKnownFileType = sourcecode.swift; path = AppDelegate.swift; sourceTree = "<group>"; };
		A65C88D521B3F0230091BE6C /* Assets.xcassets */ = {isa = PBXFileReference; lastKnownFileType = folder.assetcatalog; path = Assets.xcassets; sourceTree = "<group>"; };
		A65C88D821B3F0230091BE6C /* Base */ = {isa = PBXFileReference; lastKnownFileType = file.storyboard; name = Base; path = Base.lproj/LaunchScreen.storyboard; sourceTree = "<group>"; };
		A65C88DA21B3F0230091BE6C /* Info.plist */ = {isa = PBXFileReference; lastKnownFileType = text.plist.xml; path = Info.plist; sourceTree = "<group>"; };
		A65C88DF21B3F0240091BE6C /* MVVMRxTests.xctest */ = {isa = PBXFileReference; explicitFileType = wrapper.cfbundle; includeInIndex = 0; path = MVVMRxTests.xctest; sourceTree = BUILT_PRODUCTS_DIR; };
		A65C88E321B3F0240091BE6C /* MVVMRxTests.swift */ = {isa = PBXFileReference; lastKnownFileType = sourcecode.swift; path = MVVMRxTests.swift; sourceTree = "<group>"; };
		A65C88E521B3F0240091BE6C /* Info.plist */ = {isa = PBXFileReference; lastKnownFileType = text.plist.xml; path = Info.plist; sourceTree = "<group>"; };
		A68667CF21B411990099ECD3 /* NetworkClient.swift */ = {isa = PBXFileReference; fileEncoding = 4; lastKnownFileType = sourcecode.swift; path = NetworkClient.swift; sourceTree = "<group>"; };
		A68667D021B4119A0099ECD3 /* TargetType.swift */ = {isa = PBXFileReference; fileEncoding = 4; lastKnownFileType = sourcecode.swift; path = TargetType.swift; sourceTree = "<group>"; };
		A68667D521B411C80099ECD3 /* CountryModel.swift */ = {isa = PBXFileReference; fileEncoding = 4; lastKnownFileType = sourcecode.swift; path = CountryModel.swift; sourceTree = "<group>"; };
		A68667DA21B413650099ECD3 /* CountriesUseCase.swift */ = {isa = PBXFileReference; lastKnownFileType = sourcecode.swift; path = CountriesUseCase.swift; sourceTree = "<group>"; };
		A68667DE21B527A50099ECD3 /* CountriesViewModel.swift */ = {isa = PBXFileReference; lastKnownFileType = sourcecode.swift; path = CountriesViewModel.swift; sourceTree = "<group>"; };
		A68667E021B52B400099ECD3 /* CountryViewModel.swift */ = {isa = PBXFileReference; lastKnownFileType = sourcecode.swift; path = CountryViewModel.swift; sourceTree = "<group>"; };
		A68667E721B5AD1C0099ECD3 /* EasyViews.swift */ = {isa = PBXFileReference; fileEncoding = 4; lastKnownFileType = sourcecode.swift; path = EasyViews.swift; sourceTree = "<group>"; };
		A68667E921B5B4060099ECD3 /* UIImageView+Reactive.swift */ = {isa = PBXFileReference; lastKnownFileType = sourcecode.swift; path = "UIImageView+Reactive.swift"; sourceTree = "<group>"; };
		A68667EB21B5C65B0099ECD3 /* UITableView+Reusable.swift */ = {isa = PBXFileReference; fileEncoding = 4; lastKnownFileType = sourcecode.swift; path = "UITableView+Reusable.swift"; sourceTree = "<group>"; };
		A6BA191121E5EC4100759738 /* UICollectionView+extension.swift */ = {isa = PBXFileReference; lastKnownFileType = sourcecode.swift; path = "UICollectionView+extension.swift"; sourceTree = "<group>"; };
		A6BA191721EA3BAC00759738 /* HeroHelper.swift */ = {isa = PBXFileReference; lastKnownFileType = sourcecode.swift; path = HeroHelper.swift; sourceTree = "<group>"; };
		A6D7BCF721C1646C0086B69D /* R.generated.swift */ = {isa = PBXFileReference; fileEncoding = 4; lastKnownFileType = sourcecode.swift; path = R.generated.swift; sourceTree = SOURCE_ROOT; };
		A6EBED7A21B6717200F42D58 /* Constants.swift */ = {isa = PBXFileReference; lastKnownFileType = sourcecode.swift; path = Constants.swift; sourceTree = "<group>"; };
		A6EBED8721B69F1B00F42D58 /* en */ = {isa = PBXFileReference; lastKnownFileType = text.plist.strings; name = en; path = en.lproj/Localizable.strings; sourceTree = "<group>"; };
		A6EBED8921B6A09600F42D58 /* CountryCell.swift */ = {isa = PBXFileReference; lastKnownFileType = sourcecode.swift; path = CountryCell.swift; sourceTree = "<group>"; };
		A6EBED8A21B6A09600F42D58 /* CountryCell.xib */ = {isa = PBXFileReference; lastKnownFileType = file.xib; path = CountryCell.xib; sourceTree = "<group>"; };
		A6EBED9C21B6F14100F42D58 /* BaseCoordinator.swift */ = {isa = PBXFileReference; lastKnownFileType = sourcecode.swift; path = BaseCoordinator.swift; sourceTree = "<group>"; };
		A6EBED9E21B6F25400F42D58 /* AppCoordinator.swift */ = {isa = PBXFileReference; lastKnownFileType = sourcecode.swift; path = AppCoordinator.swift; sourceTree = "<group>"; };
		A6EBEDA021B6F37200F42D58 /* CountriesCoordinator.swift */ = {isa = PBXFileReference; lastKnownFileType = sourcecode.swift; path = CountriesCoordinator.swift; sourceTree = "<group>"; };
		A6EBEDA221B6F6FD00F42D58 /* Observable+extension.swift */ = {isa = PBXFileReference; lastKnownFileType = sourcecode.swift; path = "Observable+extension.swift"; sourceTree = "<group>"; };
		A6EBEDAA21B8477300F42D58 /* CountryDetailsVC.swift */ = {isa = PBXFileReference; lastKnownFileType = sourcecode.swift; path = CountryDetailsVC.swift; sourceTree = "<group>"; };
		A6EBEDAE21B8480A00F42D58 /* CountryDetailsViewModel.swift */ = {isa = PBXFileReference; lastKnownFileType = sourcecode.swift; path = CountryDetailsViewModel.swift; sourceTree = "<group>"; };
		A6EBEDB021BEBC3500F42D58 /* CountryDetailCell.swift */ = {isa = PBXFileReference; lastKnownFileType = sourcecode.swift; path = CountryDetailCell.swift; sourceTree = "<group>"; };
		A6EBEDB121BEBC3500F42D58 /* CountryDetailCell.xib */ = {isa = PBXFileReference; lastKnownFileType = file.xib; path = CountryDetailCell.xib; sourceTree = "<group>"; };
		FEC2B4B8F7A1296C48C8E9BD /* Pods-MVVMRx.release.xcconfig */ = {isa = PBXFileReference; includeInIndex = 1; lastKnownFileType = text.xcconfig; name = "Pods-MVVMRx.release.xcconfig"; path = "Pods/Target Support Files/Pods-MVVMRx/Pods-MVVMRx.release.xcconfig"; sourceTree = "<group>"; };
/* End PBXFileReference section */

/* Begin PBXFrameworksBuildPhase section */
		A65C88C821B3F01C0091BE6C /* Frameworks */ = {
			isa = PBXFrameworksBuildPhase;
			buildActionMask = 2147483647;
			files = (
				D2E4E970271AE84089B20CE2 /* Pods_MVVMRx.framework in Frameworks */,
			);
			runOnlyForDeploymentPostprocessing = 0;
		};
		A65C88DC21B3F0240091BE6C /* Frameworks */ = {
			isa = PBXFrameworksBuildPhase;
			buildActionMask = 2147483647;
			files = (
			);
			runOnlyForDeploymentPostprocessing = 0;
		};
/* End PBXFrameworksBuildPhase section */

/* Begin PBXGroup section */
		131E91130099CC788872D434 /* Frameworks */ = {
			isa = PBXGroup;
			children = (
				77F91060E386191BAC47F253 /* Pods_MVVMRx.framework */,
			);
			name = Frameworks;
			sourceTree = "<group>";
		};
		64FE38AD6004B3A6238ED69D /* Pods */ = {
			isa = PBXGroup;
			children = (
				72FB92B04715C4C50D27705B /* Pods-MVVMRx.debug.xcconfig */,
				FEC2B4B8F7A1296C48C8E9BD /* Pods-MVVMRx.release.xcconfig */,
			);
			name = Pods;
			sourceTree = "<group>";
		};
		A633835021BEC05D007C8428 /* View Model */ = {
			isa = PBXGroup;
			children = (
				A633835121BEC086007C8428 /* CountryDetailViewModel.swift */,
				A6EBEDAE21B8480A00F42D58 /* CountryDetailsViewModel.swift */,
			);
			path = "View Model";
			sourceTree = "<group>";
		};
		A633835821C15FA7007C8428 /* Resources */ = {
			isa = PBXGroup;
			children = (
				A6589BC722085B6100BC93D9 /* Main.storyboard */,
				A6D7BCF721C1646C0086B69D /* R.generated.swift */,
				A65C88D521B3F0230091BE6C /* Assets.xcassets */,
				A65C88D721B3F0230091BE6C /* LaunchScreen.storyboard */,
				A6EBED8621B69F1B00F42D58 /* Localizable.strings */,
				A65C88DA21B3F0230091BE6C /* Info.plist */,
			);
			path = Resources;
			sourceTree = "<group>";
		};
		A65C88C221B3F01C0091BE6C = {
			isa = PBXGroup;
			children = (
				A65C88CD21B3F01C0091BE6C /* MVVMRx */,
				A65C88E221B3F0240091BE6C /* MVVMRxTests */,
				A65C88CC21B3F01C0091BE6C /* Products */,
				64FE38AD6004B3A6238ED69D /* Pods */,
				131E91130099CC788872D434 /* Frameworks */,
			);
			sourceTree = "<group>";
		};
		A65C88CC21B3F01C0091BE6C /* Products */ = {
			isa = PBXGroup;
			children = (
				A65C88CB21B3F01C0091BE6C /* MVVMRx.app */,
				A65C88DF21B3F0240091BE6C /* MVVMRxTests.xctest */,
			);
			name = Products;
			sourceTree = "<group>";
		};
		A65C88CD21B3F01C0091BE6C /* MVVMRx */ = {
			isa = PBXGroup;
			children = (
				A6EBED9B21B6F13100F42D58 /* Coordinator */,
				A6EBED7F21B6948F00F42D58 /* Application */,
				A68667DC21B526B50099ECD3 /* Scenes */,
				A68667E621B5ACF50099ECD3 /* Extensions */,
				A68667D821B412F40099ECD3 /* Domain */,
				A68667CE21B411780099ECD3 /* Network Framework */,
				A633835821C15FA7007C8428 /* Resources */,
			);
			path = MVVMRx;
			sourceTree = "<group>";
		};
		A65C88E221B3F0240091BE6C /* MVVMRxTests */ = {
			isa = PBXGroup;
			children = (
				A65C88E321B3F0240091BE6C /* MVVMRxTests.swift */,
				A65C88E521B3F0240091BE6C /* Info.plist */,
			);
			path = MVVMRxTests;
			sourceTree = "<group>";
		};
		A68667CE21B411780099ECD3 /* Network Framework */ = {
			isa = PBXGroup;
			children = (
				A68667D421B411C00099ECD3 /* Model */,
				A68667D321B411B20099ECD3 /* Service */,
			);
			path = "Network Framework";
			sourceTree = "<group>";
		};
		A68667D321B411B20099ECD3 /* Service */ = {
			isa = PBXGroup;
			children = (
				A68667CF21B411990099ECD3 /* NetworkClient.swift */,
				A68667D021B4119A0099ECD3 /* TargetType.swift */,
			);
			path = Service;
			sourceTree = "<group>";
		};
		A68667D421B411C00099ECD3 /* Model */ = {
			isa = PBXGroup;
			children = (
				A68667D521B411C80099ECD3 /* CountryModel.swift */,
			);
			path = Model;
			sourceTree = "<group>";
		};
		A68667D821B412F40099ECD3 /* Domain */ = {
			isa = PBXGroup;
			children = (
				A68667D921B413100099ECD3 /* Use Cases */,
			);
			path = Domain;
			sourceTree = "<group>";
		};
		A68667D921B413100099ECD3 /* Use Cases */ = {
			isa = PBXGroup;
			children = (
				A68667DA21B413650099ECD3 /* CountriesUseCase.swift */,
			);
			path = "Use Cases";
			sourceTree = "<group>";
		};
		A68667DC21B526B50099ECD3 /* Scenes */ = {
			isa = PBXGroup;
			children = (
				A68667DD21B526BE0099ECD3 /* Countries  */,
				A6EBEDA621B846F500F42D58 /* Country Details */,
			);
			path = Scenes;
			sourceTree = "<group>";
		};
		A68667DD21B526BE0099ECD3 /* Countries  */ = {
			isa = PBXGroup;
			children = (
				A6EBED9721B6D9DF00F42D58 /* View */,
				A6EBED9821B6D9E800F42D58 /* View Model */,
			);
			path = "Countries ";
			sourceTree = "<group>";
		};
		A68667E621B5ACF50099ECD3 /* Extensions */ = {
			isa = PBXGroup;
			children = (
				A6BA191621EA3B8500759738 /* Helpers */,
				A68667E721B5AD1C0099ECD3 /* EasyViews.swift */,
				A68667E921B5B4060099ECD3 /* UIImageView+Reactive.swift */,
				A68667EB21B5C65B0099ECD3 /* UITableView+Reusable.swift */,
				A6EBEDA221B6F6FD00F42D58 /* Observable+extension.swift */,
				A633835321BEC9B3007C8428 /* Optional+extension.swift */,
				A6BA191121E5EC4100759738 /* UICollectionView+extension.swift */,
			);
			path = Extensions;
			sourceTree = "<group>";
		};
		A6BA191621EA3B8500759738 /* Helpers */ = {
			isa = PBXGroup;
			children = (
				A6BA191721EA3BAC00759738 /* HeroHelper.swift */,
			);
			path = Helpers;
			sourceTree = "<group>";
		};
		A6EBED7F21B6948F00F42D58 /* Application */ = {
			isa = PBXGroup;
			children = (
				A65C88CE21B3F01C0091BE6C /* AppDelegate.swift */,
				A6EBED7A21B6717200F42D58 /* Constants.swift */,
			);
			path = Application;
			sourceTree = "<group>";
		};
		A6EBED9721B6D9DF00F42D58 /* View */ = {
			isa = PBXGroup;
			children = (
				A627971221B406E2003D8924 /* CountriesVC.swift */,
				A6EBED8921B6A09600F42D58 /* CountryCell.swift */,
				A6EBED8A21B6A09600F42D58 /* CountryCell.xib */,
			);
			path = View;
			sourceTree = "<group>";
		};
		A6EBED9821B6D9E800F42D58 /* View Model */ = {
			isa = PBXGroup;
			children = (
				A68667E021B52B400099ECD3 /* CountryViewModel.swift */,
				A68667DE21B527A50099ECD3 /* CountriesViewModel.swift */,
			);
			path = "View Model";
			sourceTree = "<group>";
		};
		A6EBED9B21B6F13100F42D58 /* Coordinator */ = {
			isa = PBXGroup;
			children = (
				A6EBED9C21B6F14100F42D58 /* BaseCoordinator.swift */,
				A6EBED9E21B6F25400F42D58 /* AppCoordinator.swift */,
				A6EBEDA021B6F37200F42D58 /* CountriesCoordinator.swift */,
			);
			path = Coordinator;
			sourceTree = "<group>";
		};
		A6EBEDA621B846F500F42D58 /* Country Details */ = {
			isa = PBXGroup;
			children = (
				A633835021BEC05D007C8428 /* View Model */,
				A6EBEDA721B8471400F42D58 /* View */,
			);
			path = "Country Details";
			sourceTree = "<group>";
		};
		A6EBEDA721B8471400F42D58 /* View */ = {
			isa = PBXGroup;
			children = (
				A6EBEDAA21B8477300F42D58 /* CountryDetailsVC.swift */,
				A6EBEDB021BEBC3500F42D58 /* CountryDetailCell.swift */,
				A6EBEDB121BEBC3500F42D58 /* CountryDetailCell.xib */,
			);
			path = View;
			sourceTree = "<group>";
		};
/* End PBXGroup section */

/* Begin PBXNativeTarget section */
		A65C88CA21B3F01C0091BE6C /* MVVMRx */ = {
			isa = PBXNativeTarget;
			buildConfigurationList = A65C88E821B3F0240091BE6C /* Build configuration list for PBXNativeTarget "MVVMRx" */;
			buildPhases = (
				4AC85CB2607DA557A1D72141 /* [CP] Check Pods Manifest.lock */,
				A6EBED7C21B68A8900F42D58 /* R.swift */,
				A65C88C721B3F01C0091BE6C /* Sources */,
				A65C88C821B3F01C0091BE6C /* Frameworks */,
				A65C88C921B3F01C0091BE6C /* Resources */,
				A4D7C9E890E1D355F1CB345D /* [CP] Embed Pods Frameworks */,
			);
			buildRules = (
			);
			dependencies = (
			);
			name = MVVMRx;
			productName = MVVMRx;
			productReference = A65C88CB21B3F01C0091BE6C /* MVVMRx.app */;
			productType = "com.apple.product-type.application";
		};
		A65C88DE21B3F0240091BE6C /* MVVMRxTests */ = {
			isa = PBXNativeTarget;
			buildConfigurationList = A65C88EB21B3F0240091BE6C /* Build configuration list for PBXNativeTarget "MVVMRxTests" */;
			buildPhases = (
				A65C88DB21B3F0240091BE6C /* Sources */,
				A65C88DC21B3F0240091BE6C /* Frameworks */,
				A65C88DD21B3F0240091BE6C /* Resources */,
			);
			buildRules = (
			);
			dependencies = (
				A65C88E121B3F0240091BE6C /* PBXTargetDependency */,
			);
			name = MVVMRxTests;
			productName = MVVMRxTests;
			productReference = A65C88DF21B3F0240091BE6C /* MVVMRxTests.xctest */;
			productType = "com.apple.product-type.bundle.unit-test";
		};
/* End PBXNativeTarget section */

/* Begin PBXProject section */
		A65C88C321B3F01C0091BE6C /* Project object */ = {
			isa = PBXProject;
			attributes = {
				LastSwiftUpdateCheck = 1010;
				LastUpgradeCheck = 1010;
				ORGANIZATIONNAME = evya;
				TargetAttributes = {
					A65C88CA21B3F01C0091BE6C = {
						CreatedOnToolsVersion = 10.1;
					};
					A65C88DE21B3F0240091BE6C = {
						CreatedOnToolsVersion = 10.1;
						TestTargetID = A65C88CA21B3F01C0091BE6C;
					};
				};
			};
			buildConfigurationList = A65C88C621B3F01C0091BE6C /* Build configuration list for PBXProject "MVVMRx" */;
			compatibilityVersion = "Xcode 9.3";
			developmentRegion = en;
			hasScannedForEncodings = 0;
			knownRegions = (
				en,
				Base,
			);
			mainGroup = A65C88C221B3F01C0091BE6C;
			productRefGroup = A65C88CC21B3F01C0091BE6C /* Products */;
			projectDirPath = "";
			projectRoot = "";
			targets = (
				A65C88CA21B3F01C0091BE6C /* MVVMRx */,
				A65C88DE21B3F0240091BE6C /* MVVMRxTests */,
			);
		};
/* End PBXProject section */

/* Begin PBXResourcesBuildPhase section */
		A65C88C921B3F01C0091BE6C /* Resources */ = {
			isa = PBXResourcesBuildPhase;
			buildActionMask = 2147483647;
			files = (
				A6EBED8C21B6A09700F42D58 /* CountryCell.xib in Resources */,
				A65C88D921B3F0230091BE6C /* LaunchScreen.storyboard in Resources */,
				A6EBED8821B69F1B00F42D58 /* Localizable.strings in Resources */,
				A6589BC822085B6100BC93D9 /* Main.storyboard in Resources */,
				A65C88D621B3F0230091BE6C /* Assets.xcassets in Resources */,
				A6EBEDB321BEBC3500F42D58 /* CountryDetailCell.xib in Resources */,
			);
			runOnlyForDeploymentPostprocessing = 0;
		};
		A65C88DD21B3F0240091BE6C /* Resources */ = {
			isa = PBXResourcesBuildPhase;
			buildActionMask = 2147483647;
			files = (
			);
			runOnlyForDeploymentPostprocessing = 0;
		};
/* End PBXResourcesBuildPhase section */

/* Begin PBXShellScriptBuildPhase section */
		4AC85CB2607DA557A1D72141 /* [CP] Check Pods Manifest.lock */ = {
			isa = PBXShellScriptBuildPhase;
			buildActionMask = 2147483647;
			files = (
			);
			inputFileListPaths = (
			);
			inputPaths = (
				"${PODS_PODFILE_DIR_PATH}/Podfile.lock",
				"${PODS_ROOT}/Manifest.lock",
			);
			name = "[CP] Check Pods Manifest.lock";
			outputFileListPaths = (
			);
			outputPaths = (
				"$(DERIVED_FILE_DIR)/Pods-MVVMRx-checkManifestLockResult.txt",
			);
			runOnlyForDeploymentPostprocessing = 0;
			shellPath = /bin/sh;
			shellScript = "diff \"${PODS_PODFILE_DIR_PATH}/Podfile.lock\" \"${PODS_ROOT}/Manifest.lock\" > /dev/null\nif [ $? != 0 ] ; then\n    # print error to STDERR\n    echo \"error: The sandbox is not in sync with the Podfile.lock. Run 'pod install' or update your CocoaPods installation.\" >&2\n    exit 1\nfi\n# This output is used by Xcode 'outputs' to avoid re-running this script phase.\necho \"SUCCESS\" > \"${SCRIPT_OUTPUT_FILE_0}\"\n";
			showEnvVarsInLog = 0;
		};
		A4D7C9E890E1D355F1CB345D /* [CP] Embed Pods Frameworks */ = {
			isa = PBXShellScriptBuildPhase;
			buildActionMask = 2147483647;
			files = (
			);
			inputFileListPaths = (
			);
			inputPaths = (
				"${SRCROOT}/Pods/Target Support Files/Pods-MVVMRx/Pods-MVVMRx-frameworks.sh",
				"${BUILT_PRODUCTS_DIR}/Alamofire/Alamofire.framework",
				"${BUILT_PRODUCTS_DIR}/Hero/Hero.framework",
				"${BUILT_PRODUCTS_DIR}/Kingfisher/Kingfisher.framework",
				"${BUILT_PRODUCTS_DIR}/MXParallaxHeader/MXParallaxHeader.framework",
				"${BUILT_PRODUCTS_DIR}/Moya/Moya.framework",
				"${BUILT_PRODUCTS_DIR}/R.swift.Library/Rswift.framework",
				"${BUILT_PRODUCTS_DIR}/Result/Result.framework",
				"${BUILT_PRODUCTS_DIR}/RxCocoa/RxCocoa.framework",
				"${BUILT_PRODUCTS_DIR}/RxSwift/RxSwift.framework",
				"${BUILT_PRODUCTS_DIR}/RxSwiftExt/RxSwiftExt.framework",
				"${BUILT_PRODUCTS_DIR}/SnapKit/SnapKit.framework",
			);
			name = "[CP] Embed Pods Frameworks";
			outputFileListPaths = (
			);
			outputPaths = (
				"${TARGET_BUILD_DIR}/${FRAMEWORKS_FOLDER_PATH}/Alamofire.framework",
				"${TARGET_BUILD_DIR}/${FRAMEWORKS_FOLDER_PATH}/Hero.framework",
				"${TARGET_BUILD_DIR}/${FRAMEWORKS_FOLDER_PATH}/Kingfisher.framework",
				"${TARGET_BUILD_DIR}/${FRAMEWORKS_FOLDER_PATH}/MXParallaxHeader.framework",
				"${TARGET_BUILD_DIR}/${FRAMEWORKS_FOLDER_PATH}/Moya.framework",
				"${TARGET_BUILD_DIR}/${FRAMEWORKS_FOLDER_PATH}/Rswift.framework",
				"${TARGET_BUILD_DIR}/${FRAMEWORKS_FOLDER_PATH}/Result.framework",
				"${TARGET_BUILD_DIR}/${FRAMEWORKS_FOLDER_PATH}/RxCocoa.framework",
				"${TARGET_BUILD_DIR}/${FRAMEWORKS_FOLDER_PATH}/RxSwift.framework",
				"${TARGET_BUILD_DIR}/${FRAMEWORKS_FOLDER_PATH}/RxSwiftExt.framework",
				"${TARGET_BUILD_DIR}/${FRAMEWORKS_FOLDER_PATH}/SnapKit.framework",
			);
			runOnlyForDeploymentPostprocessing = 0;
			shellPath = /bin/sh;
			shellScript = "\"${SRCROOT}/Pods/Target Support Files/Pods-MVVMRx/Pods-MVVMRx-frameworks.sh\"\n";
			showEnvVarsInLog = 0;
		};
		A6EBED7C21B68A8900F42D58 /* R.swift */ = {
			isa = PBXShellScriptBuildPhase;
			buildActionMask = 2147483647;
			files = (
			);
			inputFileListPaths = (
			);
			inputPaths = (
			);
			name = R.swift;
			outputFileListPaths = (
			);
			outputPaths = (
			);
			runOnlyForDeploymentPostprocessing = 0;
			shellPath = /bin/sh;
			shellScript = "\"$PODS_ROOT/R.swift/rswift\" generate \"$SRCROOT\"\n";
		};
/* End PBXShellScriptBuildPhase section */

/* Begin PBXSourcesBuildPhase section */
		A65C88C721B3F01C0091BE6C /* Sources */ = {
			isa = PBXSourcesBuildPhase;
			buildActionMask = 2147483647;
			files = (
				A6EBEDB221BEBC3500F42D58 /* CountryDetailCell.swift in Sources */,
				A6EBEDA321B6F6FD00F42D58 /* Observable+extension.swift in Sources */,
				A68667D621B411C80099ECD3 /* CountryModel.swift in Sources */,
				A6EBED8B21B6A09700F42D58 /* CountryCell.swift in Sources */,
				A68667E121B52B400099ECD3 /* CountryViewModel.swift in Sources */,
				A6EBED9F21B6F25400F42D58 /* AppCoordinator.swift in Sources */,
				A68667D221B4119A0099ECD3 /* TargetType.swift in Sources */,
				A68667DF21B527A50099ECD3 /* CountriesViewModel.swift in Sources */,
				A6BA191821EA3BAC00759738 /* HeroHelper.swift in Sources */,
				A68667EA21B5B4060099ECD3 /* UIImageView+Reactive.swift in Sources */,
				A633835421BEC9B3007C8428 /* Optional+extension.swift in Sources */,
				A6EBEDA121B6F37200F42D58 /* CountriesCoordinator.swift in Sources */,
				A68667E821B5AD1C0099ECD3 /* EasyViews.swift in Sources */,
				A6D7BCF821C1646D0086B69D /* R.generated.swift in Sources */,
				A6EBEDAC21B8477300F42D58 /* CountryDetailsVC.swift in Sources */,
				A6BA191221E5EC4100759738 /* UICollectionView+extension.swift in Sources */,
				A65C88CF21B3F01C0091BE6C /* AppDelegate.swift in Sources */,
				A6EBED7B21B6717200F42D58 /* Constants.swift in Sources */,
				A6EBED9D21B6F14100F42D58 /* BaseCoordinator.swift in Sources */,
				A633835221BEC086007C8428 /* CountryDetailViewModel.swift in Sources */,
				A68667DB21B413650099ECD3 /* CountriesUseCase.swift in Sources */,
				A68667EC21B5C65B0099ECD3 /* UITableView+Reusable.swift in Sources */,
				A627971321B406E2003D8924 /* CountriesVC.swift in Sources */,
				A6EBEDAF21B8480A00F42D58 /* CountryDetailsViewModel.swift in Sources */,
				A68667D121B4119A0099ECD3 /* NetworkClient.swift in Sources */,
			);
			runOnlyForDeploymentPostprocessing = 0;
		};
		A65C88DB21B3F0240091BE6C /* Sources */ = {
			isa = PBXSourcesBuildPhase;
			buildActionMask = 2147483647;
			files = (
				A65C88E421B3F0240091BE6C /* MVVMRxTests.swift in Sources */,
			);
			runOnlyForDeploymentPostprocessing = 0;
		};
/* End PBXSourcesBuildPhase section */

/* Begin PBXTargetDependency section */
		A65C88E121B3F0240091BE6C /* PBXTargetDependency */ = {
			isa = PBXTargetDependency;
			target = A65C88CA21B3F01C0091BE6C /* MVVMRx */;
			targetProxy = A65C88E021B3F0240091BE6C /* PBXContainerItemProxy */;
		};
/* End PBXTargetDependency section */

/* Begin PBXVariantGroup section */
		A65C88D721B3F0230091BE6C /* LaunchScreen.storyboard */ = {
			isa = PBXVariantGroup;
			children = (
				A65C88D821B3F0230091BE6C /* Base */,
			);
			name = LaunchScreen.storyboard;
			sourceTree = "<group>";
		};
		A6EBED8621B69F1B00F42D58 /* Localizable.strings */ = {
			isa = PBXVariantGroup;
			children = (
				A6EBED8721B69F1B00F42D58 /* en */,
			);
			name = Localizable.strings;
			sourceTree = "<group>";
		};
/* End PBXVariantGroup section */

/* Begin XCBuildConfiguration section */
		A65C88E621B3F0240091BE6C /* Debug */ = {
			isa = XCBuildConfiguration;
			buildSettings = {
				ALWAYS_SEARCH_USER_PATHS = NO;
				CLANG_ANALYZER_NONNULL = YES;
				CLANG_ANALYZER_NUMBER_OBJECT_CONVERSION = YES_AGGRESSIVE;
				CLANG_CXX_LANGUAGE_STANDARD = "gnu++14";
				CLANG_CXX_LIBRARY = "libc++";
				CLANG_ENABLE_MODULES = YES;
				CLANG_ENABLE_OBJC_ARC = YES;
				CLANG_ENABLE_OBJC_WEAK = YES;
				CLANG_WARN_BLOCK_CAPTURE_AUTORELEASING = YES;
				CLANG_WARN_BOOL_CONVERSION = YES;
				CLANG_WARN_COMMA = YES;
				CLANG_WARN_CONSTANT_CONVERSION = YES;
				CLANG_WARN_DEPRECATED_OBJC_IMPLEMENTATIONS = YES;
				CLANG_WARN_DIRECT_OBJC_ISA_USAGE = YES_ERROR;
				CLANG_WARN_DOCUMENTATION_COMMENTS = YES;
				CLANG_WARN_EMPTY_BODY = YES;
				CLANG_WARN_ENUM_CONVERSION = YES;
				CLANG_WARN_INFINITE_RECURSION = YES;
				CLANG_WARN_INT_CONVERSION = YES;
				CLANG_WARN_NON_LITERAL_NULL_CONVERSION = YES;
				CLANG_WARN_OBJC_IMPLICIT_RETAIN_SELF = YES;
				CLANG_WARN_OBJC_LITERAL_CONVERSION = YES;
				CLANG_WARN_OBJC_ROOT_CLASS = YES_ERROR;
				CLANG_WARN_RANGE_LOOP_ANALYSIS = YES;
				CLANG_WARN_STRICT_PROTOTYPES = YES;
				CLANG_WARN_SUSPICIOUS_MOVE = YES;
				CLANG_WARN_UNGUARDED_AVAILABILITY = YES_AGGRESSIVE;
				CLANG_WARN_UNREACHABLE_CODE = YES;
				CLANG_WARN__DUPLICATE_METHOD_MATCH = YES;
				CODE_SIGN_IDENTITY = "iPhone Developer";
				COPY_PHASE_STRIP = NO;
				DEBUG_INFORMATION_FORMAT = dwarf;
				ENABLE_STRICT_OBJC_MSGSEND = YES;
				ENABLE_TESTABILITY = YES;
				GCC_C_LANGUAGE_STANDARD = gnu11;
				GCC_DYNAMIC_NO_PIC = NO;
				GCC_NO_COMMON_BLOCKS = YES;
				GCC_OPTIMIZATION_LEVEL = 0;
				GCC_PREPROCESSOR_DEFINITIONS = (
					"DEBUG=1",
					"$(inherited)",
				);
				GCC_WARN_64_TO_32_BIT_CONVERSION = YES;
				GCC_WARN_ABOUT_RETURN_TYPE = YES_ERROR;
				GCC_WARN_UNDECLARED_SELECTOR = YES;
				GCC_WARN_UNINITIALIZED_AUTOS = YES_AGGRESSIVE;
				GCC_WARN_UNUSED_FUNCTION = YES;
				GCC_WARN_UNUSED_VARIABLE = YES;
				IPHONEOS_DEPLOYMENT_TARGET = 12.1;
				MTL_ENABLE_DEBUG_INFO = INCLUDE_SOURCE;
				MTL_FAST_MATH = YES;
				ONLY_ACTIVE_ARCH = YES;
				SDKROOT = iphoneos;
				SWIFT_ACTIVE_COMPILATION_CONDITIONS = DEBUG;
				SWIFT_OPTIMIZATION_LEVEL = "-Onone";
			};
			name = Debug;
		};
		A65C88E721B3F0240091BE6C /* Release */ = {
			isa = XCBuildConfiguration;
			buildSettings = {
				ALWAYS_SEARCH_USER_PATHS = NO;
				CLANG_ANALYZER_NONNULL = YES;
				CLANG_ANALYZER_NUMBER_OBJECT_CONVERSION = YES_AGGRESSIVE;
				CLANG_CXX_LANGUAGE_STANDARD = "gnu++14";
				CLANG_CXX_LIBRARY = "libc++";
				CLANG_ENABLE_MODULES = YES;
				CLANG_ENABLE_OBJC_ARC = YES;
				CLANG_ENABLE_OBJC_WEAK = YES;
				CLANG_WARN_BLOCK_CAPTURE_AUTORELEASING = YES;
				CLANG_WARN_BOOL_CONVERSION = YES;
				CLANG_WARN_COMMA = YES;
				CLANG_WARN_CONSTANT_CONVERSION = YES;
				CLANG_WARN_DEPRECATED_OBJC_IMPLEMENTATIONS = YES;
				CLANG_WARN_DIRECT_OBJC_ISA_USAGE = YES_ERROR;
				CLANG_WARN_DOCUMENTATION_COMMENTS = YES;
				CLANG_WARN_EMPTY_BODY = YES;
				CLANG_WARN_ENUM_CONVERSION = YES;
				CLANG_WARN_INFINITE_RECURSION = YES;
				CLANG_WARN_INT_CONVERSION = YES;
				CLANG_WARN_NON_LITERAL_NULL_CONVERSION = YES;
				CLANG_WARN_OBJC_IMPLICIT_RETAIN_SELF = YES;
				CLANG_WARN_OBJC_LITERAL_CONVERSION = YES;
				CLANG_WARN_OBJC_ROOT_CLASS = YES_ERROR;
				CLANG_WARN_RANGE_LOOP_ANALYSIS = YES;
				CLANG_WARN_STRICT_PROTOTYPES = YES;
				CLANG_WARN_SUSPICIOUS_MOVE = YES;
				CLANG_WARN_UNGUARDED_AVAILABILITY = YES_AGGRESSIVE;
				CLANG_WARN_UNREACHABLE_CODE = YES;
				CLANG_WARN__DUPLICATE_METHOD_MATCH = YES;
				CODE_SIGN_IDENTITY = "iPhone Developer";
				COPY_PHASE_STRIP = NO;
				DEBUG_INFORMATION_FORMAT = "dwarf-with-dsym";
				ENABLE_NS_ASSERTIONS = NO;
				ENABLE_STRICT_OBJC_MSGSEND = YES;
				GCC_C_LANGUAGE_STANDARD = gnu11;
				GCC_NO_COMMON_BLOCKS = YES;
				GCC_WARN_64_TO_32_BIT_CONVERSION = YES;
				GCC_WARN_ABOUT_RETURN_TYPE = YES_ERROR;
				GCC_WARN_UNDECLARED_SELECTOR = YES;
				GCC_WARN_UNINITIALIZED_AUTOS = YES_AGGRESSIVE;
				GCC_WARN_UNUSED_FUNCTION = YES;
				GCC_WARN_UNUSED_VARIABLE = YES;
				IPHONEOS_DEPLOYMENT_TARGET = 12.1;
				MTL_ENABLE_DEBUG_INFO = NO;
				MTL_FAST_MATH = YES;
				SDKROOT = iphoneos;
				SWIFT_COMPILATION_MODE = wholemodule;
				SWIFT_OPTIMIZATION_LEVEL = "-O";
				VALIDATE_PRODUCT = YES;
			};
			name = Release;
		};
		A65C88E921B3F0240091BE6C /* Debug */ = {
			isa = XCBuildConfiguration;
			baseConfigurationReference = 72FB92B04715C4C50D27705B /* Pods-MVVMRx.debug.xcconfig */;
			buildSettings = {
				ASSETCATALOG_COMPILER_APPICON_NAME = AppIcon;
				CODE_SIGN_STYLE = Automatic;
				DEVELOPMENT_TEAM = 356AKL6Q8P;
				INFOPLIST_FILE = MVVMRx/Resources/Info.plist;
				LD_RUNPATH_SEARCH_PATHS = (
					"$(inherited)",
					"@executable_path/Frameworks",
				);
				PRODUCT_BUNDLE_IDENTIFIER = evya.MVVMRx;
				PRODUCT_NAME = "$(TARGET_NAME)";
				SWIFT_VERSION = 4.2;
				TARGETED_DEVICE_FAMILY = "1,2";
			};
			name = Debug;
		};
		A65C88EA21B3F0240091BE6C /* Release */ = {
			isa = XCBuildConfiguration;
			baseConfigurationReference = FEC2B4B8F7A1296C48C8E9BD /* Pods-MVVMRx.release.xcconfig */;
			buildSettings = {
				ASSETCATALOG_COMPILER_APPICON_NAME = AppIcon;
				CODE_SIGN_STYLE = Automatic;
				DEVELOPMENT_TEAM = 356AKL6Q8P;
				INFOPLIST_FILE = MVVMRx/Resources/Info.plist;
				LD_RUNPATH_SEARCH_PATHS = (
					"$(inherited)",
					"@executable_path/Frameworks",
				);
				PRODUCT_BUNDLE_IDENTIFIER = evya.MVVMRx;
				PRODUCT_NAME = "$(TARGET_NAME)";
				SWIFT_VERSION = 4.2;
				TARGETED_DEVICE_FAMILY = "1,2";
			};
			name = Release;
		};
		A65C88EC21B3F0240091BE6C /* Debug */ = {
			isa = XCBuildConfiguration;
			buildSettings = {
				ALWAYS_EMBED_SWIFT_STANDARD_LIBRARIES = YES;
				BUNDLE_LOADER = "$(TEST_HOST)";
				CODE_SIGN_STYLE = Automatic;
				DEVELOPMENT_TEAM = 356AKL6Q8P;
				INFOPLIST_FILE = MVVMRxTests/Info.plist;
				LD_RUNPATH_SEARCH_PATHS = (
					"$(inherited)",
					"@executable_path/Frameworks",
					"@loader_path/Frameworks",
				);
				PRODUCT_BUNDLE_IDENTIFIER = evya.MVVMRxTests;
				PRODUCT_NAME = "$(TARGET_NAME)";
				SWIFT_VERSION = 4.2;
				TARGETED_DEVICE_FAMILY = "1,2";
				TEST_HOST = "$(BUILT_PRODUCTS_DIR)/MVVMRx.app/MVVMRx";
			};
			name = Debug;
		};
		A65C88ED21B3F0240091BE6C /* Release */ = {
			isa = XCBuildConfiguration;
			buildSettings = {
				ALWAYS_EMBED_SWIFT_STANDARD_LIBRARIES = YES;
				BUNDLE_LOADER = "$(TEST_HOST)";
				CODE_SIGN_STYLE = Automatic;
				DEVELOPMENT_TEAM = 356AKL6Q8P;
				INFOPLIST_FILE = MVVMRxTests/Info.plist;
				LD_RUNPATH_SEARCH_PATHS = (
					"$(inherited)",
					"@executable_path/Frameworks",
					"@loader_path/Frameworks",
				);
				PRODUCT_BUNDLE_IDENTIFIER = evya.MVVMRxTests;
				PRODUCT_NAME = "$(TARGET_NAME)";
				SWIFT_VERSION = 4.2;
				TARGETED_DEVICE_FAMILY = "1,2";
				TEST_HOST = "$(BUILT_PRODUCTS_DIR)/MVVMRx.app/MVVMRx";
			};
			name = Release;
		};
/* End XCBuildConfiguration section */

/* Begin XCConfigurationList section */
		A65C88C621B3F01C0091BE6C /* Build configuration list for PBXProject "MVVMRx" */ = {
			isa = XCConfigurationList;
			buildConfigurations = (
				A65C88E621B3F0240091BE6C /* Debug */,
				A65C88E721B3F0240091BE6C /* Release */,
			);
			defaultConfigurationIsVisible = 0;
			defaultConfigurationName = Release;
		};
		A65C88E821B3F0240091BE6C /* Build configuration list for PBXNativeTarget "MVVMRx" */ = {
			isa = XCConfigurationList;
			buildConfigurations = (
				A65C88E921B3F0240091BE6C /* Debug */,
				A65C88EA21B3F0240091BE6C /* Release */,
			);
			defaultConfigurationIsVisible = 0;
			defaultConfigurationName = Release;
		};
		A65C88EB21B3F0240091BE6C /* Build configuration list for PBXNativeTarget "MVVMRxTests" */ = {
			isa = XCConfigurationList;
			buildConfigurations = (
				A65C88EC21B3F0240091BE6C /* Debug */,
				A65C88ED21B3F0240091BE6C /* Release */,
			);
			defaultConfigurationIsVisible = 0;
			defaultConfigurationName = Release;
		};
/* End XCConfigurationList section */
	};
	rootObject = A65C88C321B3F01C0091BE6C /* Project object */;
}
